
Microsoft Visual Studio Solution File, Format Version 12.00
# Visual Studio Version 17
VisualStudioVersion = 17.0.31912.275
MinimumVisualStudioVersion = 10.0.40219.1
Project("{FAE04EC0-301F-11D3-BF4B-00C04F79EFBC}") = "HWS_Events_Lesson25", "HWS_Events_Lesson25\HWS_Events_Lesson25.csproj", "{486CAF7E-0FAF-4894-B5FA-5D343801887F}"
EndProject
Global
	GlobalSection(SolutionConfigurationPlatforms) = preSolution
		Debug|Any CPU = Debug|Any CPU
		Release|Any CPU = Release|Any CPU
	EndGlobalSection
	GlobalSection(ProjectConfigurationPlatforms) = postSolution
		{486CAF7E-0FAF-4894-B5FA-5D343801887F}.Debug|Any CPU.ActiveCfg = Debug|Any CPU
		{486CAF7E-0FAF-4894-B5FA-5D343801887F}.Debug|Any CPU.Build.0 = Debug|Any CPU
		{486CAF7E-0FAF-4894-B5FA-5D343801887F}.Release|Any CPU.ActiveCfg = Release|Any CPU
		{486CAF7E-0FAF-4894-B5FA-5D343801887F}.Release|Any CPU.Build.0 = Release|Any CPU
	EndGlobalSection
	GlobalSection(SolutionProperties) = preSolution
		HideSolutionNode = FALSE
	EndGlobalSection
	GlobalSection(ExtensibilityGlobals) = postSolution
		SolutionGuid = {DA928EE4-A43E-4DE2-9E7D-66358E9D6B0B}
	EndGlobalSection
EndGlobal
